
Microsoft Visual Studio Solution File, Format Version 12.00
# Visual Studio Version 17
VisualStudioVersion = 17.13.35931.197 d17.13
MinimumVisualStudioVersion = 10.0.40219.1
Project("{FAE04EC0-301F-11D3-BF4B-00C04F79EFBC}") = "testForGit", "testForGit\testForGit.csproj", "{4109DAE5-B0CA-41B6-9CC0-0CD340C215C5}"
EndProject
Global
	GlobalSection(SolutionConfigurationPlatforms) = preSolution
		Debug|Any CPU = Debug|Any CPU
		Release|Any CPU = Release|Any CPU
	EndGlobalSection
	GlobalSection(ProjectConfigurationPlatforms) = postSolution
		{4109DAE5-B0CA-41B6-9CC0-0CD340C215C5}.Debug|Any CPU.ActiveCfg = Debug|Any CPU
		{4109DAE5-B0CA-41B6-9CC0-0CD340C215C5}.Debug|Any CPU.Build.0 = Debug|Any CPU
		{4109DAE5-B0CA-41B6-9CC0-0CD340C215C5}.Release|Any CPU.ActiveCfg = Release|Any CPU
		{4109DAE5-B0CA-41B6-9CC0-0CD340C215C5}.Release|Any CPU.Build.0 = Release|Any CPU
	EndGlobalSection
	GlobalSection(SolutionProperties) = preSolution
		HideSolutionNode = FALSE
	EndGlobalSection
	GlobalSection(ExtensibilityGlobals) = postSolution
		SolutionGuid = {AA444C78-A617-43ED-96A3-A3A4C5EADCFB}
	EndGlobalSection
EndGlobal
